// !$*UTF8*$!
{
	archiveVersion = 1;
	classes = {
	};
	objectVersion = 56;
	objects = {

/* Begin PBXBuildFile section */
		435F7D8D2ABE4B4D00C985A1 /* AppDelegate.swift in Sources */ = {isa = PBXBuildFile; fileRef = 435F7D8C2ABE4B4D00C985A1 /* AppDelegate.swift */; };
		435F7D8F2ABE4B4D00C985A1 /* SceneDelegate.swift in Sources */ = {isa = PBXBuildFile; fileRef = 435F7D8E2ABE4B4D00C985A1 /* SceneDelegate.swift */; };
		435F7D912ABE4B4D00C985A1 /* ViewController.swift in Sources */ = {isa = PBXBuildFile; fileRef = 435F7D902ABE4B4D00C985A1 /* ViewController.swift */; };
		435F7D942ABE4B4D00C985A1 /* Main.storyboard in Resources */ = {isa = PBXBuildFile; fileRef = 435F7D922ABE4B4D00C985A1 /* Main.storyboard */; };
		435F7D962ABE4B4E00C985A1 /* Assets.xcassets in Resources */ = {isa = PBXBuildFile; fileRef = 435F7D952ABE4B4E00C985A1 /* Assets.xcassets */; };
		435F7D992ABE4B4E00C985A1 /* LaunchScreen.storyboard in Resources */ = {isa = PBXBuildFile; fileRef = 435F7D972ABE4B4E00C985A1 /* LaunchScreen.storyboard */; };
		435F7DA42ABE4B4E00C985A1 /* MyFirstAppTests.swift in Sources */ = {isa = PBXBuildFile; fileRef = 435F7DA32ABE4B4E00C985A1 /* MyFirstAppTests.swift */; };
		435F7DAE2ABE4B4E00C985A1 /* MyFirstAppUITests.swift in Sources */ = {isa = PBXBuildFile; fileRef = 435F7DAD2ABE4B4E00C985A1 /* MyFirstAppUITests.swift */; };
		435F7DB02ABE4B4E00C985A1 /* MyFirstAppUITestsLaunchTests.swift in Sources */ = {isa = PBXBuildFile; fileRef = 435F7DAF2ABE4B4E00C985A1 /* MyFirstAppUITestsLaunchTests.swift */; };
		435F7DBD2ABE543200C985A1 /* MyLaunchScreen.storyboard in Resources */ = {isa = PBXBuildFile; fileRef = 435F7DBC2ABE543200C985A1 /* MyLaunchScreen.storyboard */; };
		5570C2DE2AD9FBBF00E24F6E /* CaptionedImage.xib in Resources */ = {isa = PBXBuildFile; fileRef = 5570C2DD2AD9FBBF00E24F6E /* CaptionedImage.xib */; };
		5570C2E02AD9FE6A00E24F6E /* CaptionedImage.swift in Sources */ = {isa = PBXBuildFile; fileRef = 5570C2DF2AD9FE6A00E24F6E /* CaptionedImage.swift */; };
		559148012AC7895D006BCF22 /* imageStackViewViewController.swift in Sources */ = {isa = PBXBuildFile; fileRef = 559148002AC7895D006BCF22 /* imageStackViewViewController.swift */; };
/* End PBXBuildFile section */

/* Begin PBXContainerItemProxy section */
		435F7DA02ABE4B4E00C985A1 /* PBXContainerItemProxy */ = {
			isa = PBXContainerItemProxy;
			containerPortal = 435F7D812ABE4B4D00C985A1 /* Project object */;
			proxyType = 1;
			remoteGlobalIDString = 435F7D882ABE4B4D00C985A1;
			remoteInfo = MyFirstApp;
		};
		435F7DAA2ABE4B4E00C985A1 /* PBXContainerItemProxy */ = {
			isa = PBXContainerItemProxy;
			containerPortal = 435F7D812ABE4B4D00C985A1 /* Project object */;
			proxyType = 1;
			remoteGlobalIDString = 435F7D882ABE4B4D00C985A1;
			remoteInfo = MyFirstApp;
		};
/* End PBXContainerItemProxy section */

/* Begin PBXFileReference section */
		435F7D892ABE4B4D00C985A1 /* MyFirstApp.app */ = {isa = PBXFileReference; explicitFileType = wrapper.application; includeInIndex = 0; path = MyFirstApp.app; sourceTree = BUILT_PRODUCTS_DIR; };
		435F7D8C2ABE4B4D00C985A1 /* AppDelegate.swift */ = {isa = PBXFileReference; lastKnownFileType = sourcecode.swift; path = AppDelegate.swift; sourceTree = "<group>"; };
		435F7D8E2ABE4B4D00C985A1 /* SceneDelegate.swift */ = {isa = PBXFileReference; lastKnownFileType = sourcecode.swift; path = SceneDelegate.swift; sourceTree = "<group>"; };
		435F7D902ABE4B4D00C985A1 /* ViewController.swift */ = {isa = PBXFileReference; lastKnownFileType = sourcecode.swift; path = ViewController.swift; sourceTree = "<group>"; };
		435F7D932ABE4B4D00C985A1 /* Base */ = {isa = PBXFileReference; lastKnownFileType = file.storyboard; name = Base; path = Base.lproj/Main.storyboard; sourceTree = "<group>"; };
		435F7D952ABE4B4E00C985A1 /* Assets.xcassets */ = {isa = PBXFileReference; lastKnownFileType = folder.assetcatalog; path = Assets.xcassets; sourceTree = "<group>"; };
		435F7D982ABE4B4E00C985A1 /* Base */ = {isa = PBXFileReference; lastKnownFileType = file.storyboard; name = Base; path = Base.lproj/LaunchScreen.storyboard; sourceTree = "<group>"; };
		435F7D9A2ABE4B4E00C985A1 /* Info.plist */ = {isa = PBXFileReference; lastKnownFileType = text.plist.xml; path = Info.plist; sourceTree = "<group>"; };
		435F7D9F2ABE4B4E00C985A1 /* MyFirstAppTests.xctest */ = {isa = PBXFileReference; explicitFileType = wrapper.cfbundle; includeInIndex = 0; path = MyFirstAppTests.xctest; sourceTree = BUILT_PRODUCTS_DIR; };
		435F7DA32ABE4B4E00C985A1 /* MyFirstAppTests.swift */ = {isa = PBXFileReference; lastKnownFileType = sourcecode.swift; path = MyFirstAppTests.swift; sourceTree = "<group>"; };
		435F7DA92ABE4B4E00C985A1 /* MyFirstAppUITests.xctest */ = {isa = PBXFileReference; explicitFileType = wrapper.cfbundle; includeInIndex = 0; path = MyFirstAppUITests.xctest; sourceTree = BUILT_PRODUCTS_DIR; };
		435F7DAD2ABE4B4E00C985A1 /* MyFirstAppUITests.swift */ = {isa = PBXFileReference; lastKnownFileType = sourcecode.swift; path = MyFirstAppUITests.swift; sourceTree = "<group>"; };
		435F7DAF2ABE4B4E00C985A1 /* MyFirstAppUITestsLaunchTests.swift */ = {isa = PBXFileReference; lastKnownFileType = sourcecode.swift; path = MyFirstAppUITestsLaunchTests.swift; sourceTree = "<group>"; };
		435F7DBC2ABE543200C985A1 /* MyLaunchScreen.storyboard */ = {isa = PBXFileReference; lastKnownFileType = file.storyboard; path = MyLaunchScreen.storyboard; sourceTree = "<group>"; };
		5570C2DD2AD9FBBF00E24F6E /* CaptionedImage.xib */ = {isa = PBXFileReference; lastKnownFileType = file.xib; path = CaptionedImage.xib; sourceTree = "<group>"; };
		5570C2DF2AD9FE6A00E24F6E /* CaptionedImage.swift */ = {isa = PBXFileReference; lastKnownFileType = sourcecode.swift; path = CaptionedImage.swift; sourceTree = "<group>"; };
		559148002AC7895D006BCF22 /* imageStackViewViewController.swift */ = {isa = PBXFileReference; lastKnownFileType = sourcecode.swift; path = imageStackViewViewController.swift; sourceTree = "<group>"; };
/* End PBXFileReference section */

/* Begin PBXFrameworksBuildPhase section */
		435F7D862ABE4B4D00C985A1 /* Frameworks */ = {
			isa = PBXFrameworksBuildPhase;
			buildActionMask = 2147483647;
			files = (
			);
			runOnlyForDeploymentPostprocessing = 0;
		};
		435F7D9C2ABE4B4E00C985A1 /* Frameworks */ = {
			isa = PBXFrameworksBuildPhase;
			buildActionMask = 2147483647;
			files = (
			);
			runOnlyForDeploymentPostprocessing = 0;
		};
		435F7DA62ABE4B4E00C985A1 /* Frameworks */ = {
			isa = PBXFrameworksBuildPhase;
			buildActionMask = 2147483647;
			files = (
			);
			runOnlyForDeploymentPostprocessing = 0;
		};
/* End PBXFrameworksBuildPhase section */

/* Begin PBXGroup section */
		435F7D802ABE4B4D00C985A1 = {
			isa = PBXGroup;
			children = (
				435F7D8B2ABE4B4D00C985A1 /* MyFirstApp */,
				435F7DA22ABE4B4E00C985A1 /* MyFirstAppTests */,
				435F7DAC2ABE4B4E00C985A1 /* MyFirstAppUITests */,
				435F7D8A2ABE4B4D00C985A1 /* Products */,
			);
			sourceTree = "<group>";
		};
		435F7D8A2ABE4B4D00C985A1 /* Products */ = {
			isa = PBXGroup;
			children = (
				435F7D892ABE4B4D00C985A1 /* MyFirstApp.app */,
				435F7D9F2ABE4B4E00C985A1 /* MyFirstAppTests.xctest */,
				435F7DA92ABE4B4E00C985A1 /* MyFirstAppUITests.xctest */,
			);
			name = Products;
			sourceTree = "<group>";
		};
		435F7D8B2ABE4B4D00C985A1 /* MyFirstApp */ = {
			isa = PBXGroup;
			children = (
				435F7D8C2ABE4B4D00C985A1 /* AppDelegate.swift */,
				435F7D8E2ABE4B4D00C985A1 /* SceneDelegate.swift */,
				435F7D902ABE4B4D00C985A1 /* ViewController.swift */,
				435F7D922ABE4B4D00C985A1 /* Main.storyboard */,
				435F7D952ABE4B4E00C985A1 /* Assets.xcassets */,
				435F7D972ABE4B4E00C985A1 /* LaunchScreen.storyboard */,
				435F7D9A2ABE4B4E00C985A1 /* Info.plist */,
				435F7DBC2ABE543200C985A1 /* MyLaunchScreen.storyboard */,
				559148002AC7895D006BCF22 /* imageStackViewViewController.swift */,
				5570C2E12AD9FE7C00E24F6E /* CaptionedImage */,
			);
			path = MyFirstApp;
			sourceTree = "<group>";
		};
		435F7DA22ABE4B4E00C985A1 /* MyFirstAppTests */ = {
			isa = PBXGroup;
			children = (
				435F7DA32ABE4B4E00C985A1 /* MyFirstAppTests.swift */,
			);
			path = MyFirstAppTests;
			sourceTree = "<group>";
		};
		435F7DAC2ABE4B4E00C985A1 /* MyFirstAppUITests */ = {
			isa = PBXGroup;
			children = (
				435F7DAD2ABE4B4E00C985A1 /* MyFirstAppUITests.swift */,
				435F7DAF2ABE4B4E00C985A1 /* MyFirstAppUITestsLaunchTests.swift */,
			);
			path = MyFirstAppUITests;
			sourceTree = "<group>";
		};
		5570C2E12AD9FE7C00E24F6E /* CaptionedImage */ = {
			isa = PBXGroup;
			children = (
				5570C2DD2AD9FBBF00E24F6E /* CaptionedImage.xib */,
				5570C2DF2AD9FE6A00E24F6E /* CaptionedImage.swift */,
			);
			path = CaptionedImage;
			sourceTree = "<group>";
		};
/* End PBXGroup section */

/* Begin PBXNativeTarget section */
		435F7D882ABE4B4D00C985A1 /* MyFirstApp */ = {
			isa = PBXNativeTarget;
			buildConfigurationList = 435F7DB32ABE4B4E00C985A1 /* Build configuration list for PBXNativeTarget "MyFirstApp" */;
			buildPhases = (
				435F7D852ABE4B4D00C985A1 /* Sources */,
				435F7D862ABE4B4D00C985A1 /* Frameworks */,
				435F7D872ABE4B4D00C985A1 /* Resources */,
			);
			buildRules = (
			);
			dependencies = (
			);
			name = MyFirstApp;
			productName = MyFirstApp;
			productReference = 435F7D892ABE4B4D00C985A1 /* MyFirstApp.app */;
			productType = "com.apple.product-type.application";
		};
		435F7D9E2ABE4B4E00C985A1 /* MyFirstAppTests */ = {
			isa = PBXNativeTarget;
			buildConfigurationList = 435F7DB62ABE4B4E00C985A1 /* Build configuration list for PBXNativeTarget "MyFirstAppTests" */;
			buildPhases = (
				435F7D9B2ABE4B4E00C985A1 /* Sources */,
				435F7D9C2ABE4B4E00C985A1 /* Frameworks */,
				435F7D9D2ABE4B4E00C985A1 /* Resources */,
			);
			buildRules = (
			);
			dependencies = (
				435F7DA12ABE4B4E00C985A1 /* PBXTargetDependency */,
			);
			name = MyFirstAppTests;
			productName = MyFirstAppTests;
			productReference = 435F7D9F2ABE4B4E00C985A1 /* MyFirstAppTests.xctest */;
			productType = "com.apple.product-type.bundle.unit-test";
		};
		435F7DA82ABE4B4E00C985A1 /* MyFirstAppUITests */ = {
			isa = PBXNativeTarget;
			buildConfigurationList = 435F7DB92ABE4B4E00C985A1 /* Build configuration list for PBXNativeTarget "MyFirstAppUITests" */;
			buildPhases = (
				435F7DA52ABE4B4E00C985A1 /* Sources */,
				435F7DA62ABE4B4E00C985A1 /* Frameworks */,
				435F7DA72ABE4B4E00C985A1 /* Resources */,
			);
			buildRules = (
			);
			dependencies = (
				435F7DAB2ABE4B4E00C985A1 /* PBXTargetDependency */,
			);
			name = MyFirstAppUITests;
			productName = MyFirstAppUITests;
			productReference = 435F7DA92ABE4B4E00C985A1 /* MyFirstAppUITests.xctest */;
			productType = "com.apple.product-type.bundle.ui-testing";
		};
/* End PBXNativeTarget section */

/* Begin PBXProject section */
		435F7D812ABE4B4D00C985A1 /* Project object */ = {
			isa = PBXProject;
			attributes = {
				BuildIndependentTargetsInParallel = 1;
				LastSwiftUpdateCheck = 1430;
				LastUpgradeCheck = 1430;
				TargetAttributes = {
					435F7D882ABE4B4D00C985A1 = {
						CreatedOnToolsVersion = 14.3.1;
					};
					435F7D9E2ABE4B4E00C985A1 = {
						CreatedOnToolsVersion = 14.3.1;
						TestTargetID = 435F7D882ABE4B4D00C985A1;
					};
					435F7DA82ABE4B4E00C985A1 = {
						CreatedOnToolsVersion = 14.3.1;
						TestTargetID = 435F7D882ABE4B4D00C985A1;
					};
				};
			};
			buildConfigurationList = 435F7D842ABE4B4D00C985A1 /* Build configuration list for PBXProject "MyFirstApp" */;
			compatibilityVersion = "Xcode 14.0";
			developmentRegion = en;
			hasScannedForEncodings = 0;
			knownRegions = (
				en,
				Base,
			);
			mainGroup = 435F7D802ABE4B4D00C985A1;
			productRefGroup = 435F7D8A2ABE4B4D00C985A1 /* Products */;
			projectDirPath = "";
			projectRoot = "";
			targets = (
				435F7D882ABE4B4D00C985A1 /* MyFirstApp */,
				435F7D9E2ABE4B4E00C985A1 /* MyFirstAppTests */,
				435F7DA82ABE4B4E00C985A1 /* MyFirstAppUITests */,
			);
		};
/* End PBXProject section */

/* Begin PBXResourcesBuildPhase section */
		435F7D872ABE4B4D00C985A1 /* Resources */ = {
			isa = PBXResourcesBuildPhase;
			buildActionMask = 2147483647;
			files = (
				435F7D992ABE4B4E00C985A1 /* LaunchScreen.storyboard in Resources */,
				435F7DBD2ABE543200C985A1 /* MyLaunchScreen.storyboard in Resources */,
				5570C2DE2AD9FBBF00E24F6E /* CaptionedImage.xib in Resources */,
				435F7D962ABE4B4E00C985A1 /* Assets.xcassets in Resources */,
				435F7D942ABE4B4D00C985A1 /* Main.storyboard in Resources */,
			);
			runOnlyForDeploymentPostprocessing = 0;
		};
		435F7D9D2ABE4B4E00C985A1 /* Resources */ = {
			isa = PBXResourcesBuildPhase;
			buildActionMask = 2147483647;
			files = (
			);
			runOnlyForDeploymentPostprocessing = 0;
		};
		435F7DA72ABE4B4E00C985A1 /* Resources */ = {
			isa = PBXResourcesBuildPhase;
			buildActionMask = 2147483647;
			files = (
			);
			runOnlyForDeploymentPostprocessing = 0;
		};
/* End PBXResourcesBuildPhase section */

/* Begin PBXSourcesBuildPhase section */
		435F7D852ABE4B4D00C985A1 /* Sources */ = {
			isa = PBXSourcesBuildPhase;
			buildActionMask = 2147483647;
			files = (
				559148012AC7895D006BCF22 /* imageStackViewViewController.swift in Sources */,
				435F7D912ABE4B4D00C985A1 /* ViewController.swift in Sources */,
				5570C2E02AD9FE6A00E24F6E /* CaptionedImage.swift in Sources */,
				435F7D8D2ABE4B4D00C985A1 /* AppDelegate.swift in Sources */,
				435F7D8F2ABE4B4D00C985A1 /* SceneDelegate.swift in Sources */,
			);
			runOnlyForDeploymentPostprocessing = 0;
		};
		435F7D9B2ABE4B4E00C985A1 /* Sources */ = {
			isa = PBXSourcesBuildPhase;
			buildActionMask = 2147483647;
			files = (
				435F7DA42ABE4B4E00C985A1 /* MyFirstAppTests.swift in Sources */,
			);
			runOnlyForDeploymentPostprocessing = 0;
		};
		435F7DA52ABE4B4E00C985A1 /* Sources */ = {
			isa = PBXSourcesBuildPhase;
			buildActionMask = 2147483647;
			files = (
				435F7DAE2ABE4B4E00C985A1 /* MyFirstAppUITests.swift in Sources */,
				435F7DB02ABE4B4E00C985A1 /* MyFirstAppUITestsLaunchTests.swift in Sources */,
			);
			runOnlyForDeploymentPostprocessing = 0;
		};
/* End PBXSourcesBuildPhase section */

/* Begin PBXTargetDependency section */
		435F7DA12ABE4B4E00C985A1 /* PBXTargetDependency */ = {
			isa = PBXTargetDependency;
			target = 435F7D882ABE4B4D00C985A1 /* MyFirstApp */;
			targetProxy = 435F7DA02ABE4B4E00C985A1 /* PBXContainerItemProxy */;
		};
		435F7DAB2ABE4B4E00C985A1 /* PBXTargetDependency */ = {
			isa = PBXTargetDependency;
			target = 435F7D882ABE4B4D00C985A1 /* MyFirstApp */;
			targetProxy = 435F7DAA2ABE4B4E00C985A1 /* PBXContainerItemProxy */;
		};
/* End PBXTargetDependency section */

/* Begin PBXVariantGroup section */
		435F7D922ABE4B4D00C985A1 /* Main.storyboard */ = {
			isa = PBXVariantGroup;
			children = (
				435F7D932ABE4B4D00C985A1 /* Base */,
			);
			name = Main.storyboard;
			sourceTree = "<group>";
		};
		435F7D972ABE4B4E00C985A1 /* LaunchScreen.storyboard */ = {
			isa = PBXVariantGroup;
			children = (
				435F7D982ABE4B4E00C985A1 /* Base */,
			);
			name = LaunchScreen.storyboard;
			sourceTree = "<group>";
		};
/* End PBXVariantGroup section */

/* Begin XCBuildConfiguration section */
		435F7DB12ABE4B4E00C985A1 /* Debug */ = {
			isa = XCBuildConfiguration;
			buildSettings = {
				ALWAYS_SEARCH_USER_PATHS = NO;
				CLANG_ANALYZER_NONNULL = YES;
				CLANG_ANALYZER_NUMBER_OBJECT_CONVERSION = YES_AGGRESSIVE;
				CLANG_CXX_LANGUAGE_STANDARD = "gnu++20";
				CLANG_ENABLE_MODULES = YES;
				CLANG_ENABLE_OBJC_ARC = YES;
				CLANG_ENABLE_OBJC_WEAK = YES;
				CLANG_WARN_BLOCK_CAPTURE_AUTORELEASING = YES;
				CLANG_WARN_BOOL_CONVERSION = YES;
				CLANG_WARN_COMMA = YES;
				CLANG_WARN_CONSTANT_CONVERSION = YES;
				CLANG_WARN_DEPRECATED_OBJC_IMPLEMENTATIONS = YES;
				CLANG_WARN_DIRECT_OBJC_ISA_USAGE = YES_ERROR;
				CLANG_WARN_DOCUMENTATION_COMMENTS = YES;
				CLANG_WARN_EMPTY_BODY = YES;
				CLANG_WARN_ENUM_CONVERSION = YES;
				CLANG_WARN_INFINITE_RECURSION = YES;
				CLANG_WARN_INT_CONVERSION = YES;
				CLANG_WARN_NON_LITERAL_NULL_CONVERSION = YES;
				CLANG_WARN_OBJC_IMPLICIT_RETAIN_SELF = YES;
				CLANG_WARN_OBJC_LITERAL_CONVERSION = YES;
				CLANG_WARN_OBJC_ROOT_CLASS = YES_ERROR;
				CLANG_WARN_QUOTED_INCLUDE_IN_FRAMEWORK_HEADER = YES;
				CLANG_WARN_RANGE_LOOP_ANALYSIS = YES;
				CLANG_WARN_STRICT_PROTOTYPES = YES;
				CLANG_WARN_SUSPICIOUS_MOVE = YES;
				CLANG_WARN_UNGUARDED_AVAILABILITY = YES_AGGRESSIVE;
				CLANG_WARN_UNREACHABLE_CODE = YES;
				CLANG_WARN__DUPLICATE_METHOD_MATCH = YES;
				COPY_PHASE_STRIP = NO;
				DEBUG_INFORMATION_FORMAT = dwarf;
				ENABLE_STRICT_OBJC_MSGSEND = YES;
				ENABLE_TESTABILITY = YES;
				GCC_C_LANGUAGE_STANDARD = gnu11;
				GCC_DYNAMIC_NO_PIC = NO;
				GCC_NO_COMMON_BLOCKS = YES;
				GCC_OPTIMIZATION_LEVEL = 0;
				GCC_PREPROCESSOR_DEFINITIONS = (
					"DEBUG=1",
					"$(inherited)",
				);
				GCC_WARN_64_TO_32_BIT_CONVERSION = YES;
				GCC_WARN_ABOUT_RETURN_TYPE = YES_ERROR;
				GCC_WARN_UNDECLARED_SELECTOR = YES;
				GCC_WARN_UNINITIALIZED_AUTOS = YES_AGGRESSIVE;
				GCC_WARN_UNUSED_FUNCTION = YES;
				GCC_WARN_UNUSED_VARIABLE = YES;
				IPHONEOS_DEPLOYMENT_TARGET = 16.4;
				MTL_ENABLE_DEBUG_INFO = INCLUDE_SOURCE;
				MTL_FAST_MATH = YES;
				ONLY_ACTIVE_ARCH = YES;
				SDKROOT = iphoneos;
				SWIFT_ACTIVE_COMPILATION_CONDITIONS = DEBUG;
				SWIFT_OPTIMIZATION_LEVEL = "-Onone";
			};
			name = Debug;
		};
		435F7DB22ABE4B4E00C985A1 /* Release */ = {
			isa = XCBuildConfiguration;
			buildSettings = {
				ALWAYS_SEARCH_USER_PATHS = NO;
				CLANG_ANALYZER_NONNULL = YES;
				CLANG_ANALYZER_NUMBER_OBJECT_CONVERSION = YES_AGGRESSIVE;
				CLANG_CXX_LANGUAGE_STANDARD = "gnu++20";
				CLANG_ENABLE_MODULES = YES;
				CLANG_ENABLE_OBJC_ARC = YES;
				CLANG_ENABLE_OBJC_WEAK = YES;
				CLANG_WARN_BLOCK_CAPTURE_AUTORELEASING = YES;
				CLANG_WARN_BOOL_CONVERSION = YES;
				CLANG_WARN_COMMA = YES;
				CLANG_WARN_CONSTANT_CONVERSION = YES;
				CLANG_WARN_DEPRECATED_OBJC_IMPLEMENTATIONS = YES;
				CLANG_WARN_DIRECT_OBJC_ISA_USAGE = YES_ERROR;
				CLANG_WARN_DOCUMENTATION_COMMENTS = YES;
				CLANG_WARN_EMPTY_BODY = YES;
				CLANG_WARN_ENUM_CONVERSION = YES;
				CLANG_WARN_INFINITE_RECURSION = YES;
				CLANG_WARN_INT_CONVERSION = YES;
				CLANG_WARN_NON_LITERAL_NULL_CONVERSION = YES;
				CLANG_WARN_OBJC_IMPLICIT_RETAIN_SELF = YES;
				CLANG_WARN_OBJC_LITERAL_CONVERSION = YES;
				CLANG_WARN_OBJC_ROOT_CLASS = YES_ERROR;
				CLANG_WARN_QUOTED_INCLUDE_IN_FRAMEWORK_HEADER = YES;
				CLANG_WARN_RANGE_LOOP_ANALYSIS = YES;
				CLANG_WARN_STRICT_PROTOTYPES = YES;
				CLANG_WARN_SUSPICIOUS_MOVE = YES;
				CLANG_WARN_UNGUARDED_AVAILABILITY = YES_AGGRESSIVE;
				CLANG_WARN_UNREACHABLE_CODE = YES;
				CLANG_WARN__DUPLICATE_METHOD_MATCH = YES;
				COPY_PHASE_STRIP = NO;
				DEBUG_INFORMATION_FORMAT = "dwarf-with-dsym";
				ENABLE_NS_ASSERTIONS = NO;
				ENABLE_STRICT_OBJC_MSGSEND = YES;
				GCC_C_LANGUAGE_STANDARD = gnu11;
				GCC_NO_COMMON_BLOCKS = YES;
				GCC_WARN_64_TO_32_BIT_CONVERSION = YES;
				GCC_WARN_ABOUT_RETURN_TYPE = YES_ERROR;
				GCC_WARN_UNDECLARED_SELECTOR = YES;
				GCC_WARN_UNINITIALIZED_AUTOS = YES_AGGRESSIVE;
				GCC_WARN_UNUSED_FUNCTION = YES;
				GCC_WARN_UNUSED_VARIABLE = YES;
				IPHONEOS_DEPLOYMENT_TARGET = 16.4;
				MTL_ENABLE_DEBUG_INFO = NO;
				MTL_FAST_MATH = YES;
				SDKROOT = iphoneos;
				SWIFT_COMPILATION_MODE = wholemodule;
				SWIFT_OPTIMIZATION_LEVEL = "-O";
				VALIDATE_PRODUCT = YES;
			};
			name = Release;
		};
		435F7DB42ABE4B4E00C985A1 /* Debug */ = {
			isa = XCBuildConfiguration;
			buildSettings = {
				ASSETCATALOG_COMPILER_APPICON_NAME = AppIcon;
				ASSETCATALOG_COMPILER_GLOBAL_ACCENT_COLOR_NAME = AccentColor;
				CODE_SIGN_STYLE = Automatic;
				CURRENT_PROJECT_VERSION = 1;
				DEVELOPMENT_TEAM = 6K6N9Y9R59;
				GENERATE_INFOPLIST_FILE = YES;
				INFOPLIST_FILE = MyFirstApp/Info.plist;
				INFOPLIST_KEY_UIApplicationSupportsIndirectInputEvents = YES;
				INFOPLIST_KEY_UILaunchStoryboardName = MyLaunchScreen;
				INFOPLIST_KEY_UIMainStoryboardFile = Main;
				INFOPLIST_KEY_UISupportedInterfaceOrientations_iPad = "UIInterfaceOrientationPortrait UIInterfaceOrientationPortraitUpsideDown UIInterfaceOrientationLandscapeLeft UIInterfaceOrientationLandscapeRight";
				INFOPLIST_KEY_UISupportedInterfaceOrientations_iPhone = "UIInterfaceOrientationPortrait UIInterfaceOrientationLandscapeLeft UIInterfaceOrientationLandscapeRight";
				LD_RUNPATH_SEARCH_PATHS = (
					"$(inherited)",
					"@executable_path/Frameworks",
				);
				MARKETING_VERSION = 1.0;
				PRODUCT_BUNDLE_IDENTIFIER = myFirstApp.MyFirstApp;
				PRODUCT_NAME = "$(TARGET_NAME)";
				SWIFT_EMIT_LOC_STRINGS = YES;
				SWIFT_VERSION = 5.0;
				TARGETED_DEVICE_FAMILY = "1,2";
			};
			name = Debug;
		};
		435F7DB52ABE4B4E00C985A1 /* Release */ = {
			isa = XCBuildConfiguration;
			buildSettings = {
				ASSETCATALOG_COMPILER_APPICON_NAME = AppIcon;
				ASSETCATALOG_COMPILER_GLOBAL_ACCENT_COLOR_NAME = AccentColor;
				CODE_SIGN_STYLE = Automatic;
				CURRENT_PROJECT_VERSION = 1;
				DEVELOPMENT_TEAM = 6K6N9Y9R59;
				GENERATE_INFOPLIST_FILE = YES;
				INFOPLIST_FILE = MyFirstApp/Info.plist;
				INFOPLIST_KEY_UIApplicationSupportsIndirectInputEvents = YES;
				INFOPLIST_KEY_UILaunchStoryboardName = MyLaunchScreen;
				INFOPLIST_KEY_UIMainStoryboardFile = Main;
				INFOPLIST_KEY_UISupportedInterfaceOrientations_iPad = "UIInterfaceOrientationPortrait UIInterfaceOrientationPortraitUpsideDown UIInterfaceOrientationLandscapeLeft UIInterfaceOrientationLandscapeRight";
				INFOPLIST_KEY_UISupportedInterfaceOrientations_iPhone = "UIInterfaceOrientationPortrait UIInterfaceOrientationLandscapeLeft UIInterfaceOrientationLandscapeRight";
				LD_RUNPATH_SEARCH_PATHS = (
					"$(inherited)",
					"@executable_path/Frameworks",
				);
				MARKETING_VERSION = 1.0;
				PRODUCT_BUNDLE_IDENTIFIER = myFirstApp.MyFirstApp;
				PRODUCT_NAME = "$(TARGET_NAME)";
				SWIFT_EMIT_LOC_STRINGS = YES;
				SWIFT_VERSION = 5.0;
				TARGETED_DEVICE_FAMILY = "1,2";
			};
			name = Release;
		};
		435F7DB72ABE4B4E00C985A1 /* Debug */ = {
			isa = XCBuildConfiguration;
			buildSettings = {
				ALWAYS_EMBED_SWIFT_STANDARD_LIBRARIES = YES;
				BUNDLE_LOADER = "$(TEST_HOST)";
				CODE_SIGN_STYLE = Automatic;
				CURRENT_PROJECT_VERSION = 1;
				DEVELOPMENT_TEAM = 6K6N9Y9R59;
				GENERATE_INFOPLIST_FILE = YES;
				IPHONEOS_DEPLOYMENT_TARGET = 16.4;
				MARKETING_VERSION = 1.0;
				PRODUCT_BUNDLE_IDENTIFIER = myFirstApp.MyFirstAppTests;
				PRODUCT_NAME = "$(TARGET_NAME)";
				SWIFT_EMIT_LOC_STRINGS = NO;
				SWIFT_VERSION = 5.0;
				TARGETED_DEVICE_FAMILY = "1,2";
				TEST_HOST = "$(BUILT_PRODUCTS_DIR)/MyFirstApp.app/$(BUNDLE_EXECUTABLE_FOLDER_PATH)/MyFirstApp";
			};
			name = Debug;
		};
		435F7DB82ABE4B4E00C985A1 /* Release */ = {
			isa = XCBuildConfiguration;
			buildSettings = {
				ALWAYS_EMBED_SWIFT_STANDARD_LIBRARIES = YES;
				BUNDLE_LOADER = "$(TEST_HOST)";
				CODE_SIGN_STYLE = Automatic;
				CURRENT_PROJECT_VERSION = 1;
				DEVELOPMENT_TEAM = 6K6N9Y9R59;
				GENERATE_INFOPLIST_FILE = YES;
				IPHONEOS_DEPLOYMENT_TARGET = 16.4;
				MARKETING_VERSION = 1.0;
				PRODUCT_BUNDLE_IDENTIFIER = myFirstApp.MyFirstAppTests;
				PRODUCT_NAME = "$(TARGET_NAME)";
				SWIFT_EMIT_LOC_STRINGS = NO;
				SWIFT_VERSION = 5.0;
				TARGETED_DEVICE_FAMILY = "1,2";
				TEST_HOST = "$(BUILT_PRODUCTS_DIR)/MyFirstApp.app/$(BUNDLE_EXECUTABLE_FOLDER_PATH)/MyFirstApp";
			};
			name = Release;
		};
		435F7DBA2ABE4B4E00C985A1 /* Debug */ = {
			isa = XCBuildConfiguration;
			buildSettings = {
				ALWAYS_EMBED_SWIFT_STANDARD_LIBRARIES = YES;
				CODE_SIGN_STYLE = Automatic;
				CURRENT_PROJECT_VERSION = 1;
				DEVELOPMENT_TEAM = 6K6N9Y9R59;
				GENERATE_INFOPLIST_FILE = YES;
				MARKETING_VERSION = 1.0;
				PRODUCT_BUNDLE_IDENTIFIER = myFirstApp.MyFirstAppUITests;
				PRODUCT_NAME = "$(TARGET_NAME)";
				SWIFT_EMIT_LOC_STRINGS = NO;
				SWIFT_VERSION = 5.0;
				TARGETED_DEVICE_FAMILY = "1,2";
				TEST_TARGET_NAME = MyFirstApp;
			};
			name = Debug;
		};
		435F7DBB2ABE4B4E00C985A1 /* Release */ = {
			isa = XCBuildConfiguration;
			buildSettings = {
				ALWAYS_EMBED_SWIFT_STANDARD_LIBRARIES = YES;
				CODE_SIGN_STYLE = Automatic;
				CURRENT_PROJECT_VERSION = 1;
				DEVELOPMENT_TEAM = 6K6N9Y9R59;
				GENERATE_INFOPLIST_FILE = YES;
				MARKETING_VERSION = 1.0;
				PRODUCT_BUNDLE_IDENTIFIER = myFirstApp.MyFirstAppUITests;
				PRODUCT_NAME = "$(TARGET_NAME)";
				SWIFT_EMIT_LOC_STRINGS = NO;
				SWIFT_VERSION = 5.0;
				TARGETED_DEVICE_FAMILY = "1,2";
				TEST_TARGET_NAME = MyFirstApp;
			};
			name = Release;
		};
/* End XCBuildConfiguration section */

/* Begin XCConfigurationList section */
		435F7D842ABE4B4D00C985A1 /* Build configuration list for PBXProject "MyFirstApp" */ = {
			isa = XCConfigurationList;
			buildConfigurations = (
				435F7DB12ABE4B4E00C985A1 /* Debug */,
				435F7DB22ABE4B4E00C985A1 /* Release */,
			);
			defaultConfigurationIsVisible = 0;
			defaultConfigurationName = Release;
		};
		435F7DB32ABE4B4E00C985A1 /* Build configuration list for PBXNativeTarget "MyFirstApp" */ = {
			isa = XCConfigurationList;
			buildConfigurations = (
				435F7DB42ABE4B4E00C985A1 /* Debug */,
				435F7DB52ABE4B4E00C985A1 /* Release */,
			);
			defaultConfigurationIsVisible = 0;
			defaultConfigurationName = Release;
		};
		435F7DB62ABE4B4E00C985A1 /* Build configuration list for PBXNativeTarget "MyFirstAppTests" */ = {
			isa = XCConfigurationList;
			buildConfigurations = (
				435F7DB72ABE4B4E00C985A1 /* Debug */,
				435F7DB82ABE4B4E00C985A1 /* Release */,
			);
			defaultConfigurationIsVisible = 0;
			defaultConfigurationName = Release;
		};
		435F7DB92ABE4B4E00C985A1 /* Build configuration list for PBXNativeTarget "MyFirstAppUITests" */ = {
			isa = XCConfigurationList;
			buildConfigurations = (
				435F7DBA2ABE4B4E00C985A1 /* Debug */,
				435F7DBB2ABE4B4E00C985A1 /* Release */,
			);
			defaultConfigurationIsVisible = 0;
			defaultConfigurationName = Release;
		};
/* End XCConfigurationList section */
	};
	rootObject = 435F7D812ABE4B4D00C985A1 /* Project object */;
}
