// !$*UTF8*$!
{
	archiveVersion = 1;
	classes = {
	};
	objectVersion = 56;
	objects = {

/* Begin PBXBuildFile section */
		5587BD122ABE4AFB006F0377 /* AppDelegate.swift in Sources */ = {isa = PBXBuildFile; fileRef = 5587BD112ABE4AFB006F0377 /* AppDelegate.swift */; };
		5587BD142ABE4AFB006F0377 /* SceneDelegate.swift in Sources */ = {isa = PBXBuildFile; fileRef = 5587BD132ABE4AFB006F0377 /* SceneDelegate.swift */; };
		5587BD162ABE4AFB006F0377 /* ViewController.swift in Sources */ = {isa = PBXBuildFile; fileRef = 5587BD152ABE4AFB006F0377 /* ViewController.swift */; };
		5587BD192ABE4AFB006F0377 /* Main.storyboard in Resources */ = {isa = PBXBuildFile; fileRef = 5587BD172ABE4AFB006F0377 /* Main.storyboard */; };
		5587BD1B2ABE4AFC006F0377 /* Assets.xcassets in Resources */ = {isa = PBXBuildFile; fileRef = 5587BD1A2ABE4AFC006F0377 /* Assets.xcassets */; };
		5587BD1E2ABE4AFC006F0377 /* LaunchScreen.storyboard in Resources */ = {isa = PBXBuildFile; fileRef = 5587BD1C2ABE4AFC006F0377 /* LaunchScreen.storyboard */; };
		5587BD292ABE4AFC006F0377 /* MyFirstAppTests.swift in Sources */ = {isa = PBXBuildFile; fileRef = 5587BD282ABE4AFC006F0377 /* MyFirstAppTests.swift */; };
		5587BD332ABE4AFC006F0377 /* MyFirstAppUITests.swift in Sources */ = {isa = PBXBuildFile; fileRef = 5587BD322ABE4AFC006F0377 /* MyFirstAppUITests.swift */; };
		5587BD352ABE4AFC006F0377 /* MyFirstAppUITestsLaunchTests.swift in Sources */ = {isa = PBXBuildFile; fileRef = 5587BD342ABE4AFC006F0377 /* MyFirstAppUITestsLaunchTests.swift */; };
		5587BD422ABE541A006F0377 /* MySecondLaunchScreen.storyboard in Resources */ = {isa = PBXBuildFile; fileRef = 5587BD412ABE541A006F0377 /* MySecondLaunchScreen.storyboard */; };
		5587BD442ABE5969006F0377 /* LaunchScreenViewController.swift in Sources */ = {isa = PBXBuildFile; fileRef = 5587BD432ABE5969006F0377 /* LaunchScreenViewController.swift */; };
		E62494BA2AC7892D00EE3D34 /* ImageStackViewController.swift in Sources */ = {isa = PBXBuildFile; fileRef = E62494B92AC7892D00EE3D34 /* ImageStackViewController.swift */; };
/* End PBXBuildFile section */

/* Begin PBXContainerItemProxy section */
		5587BD252ABE4AFC006F0377 /* PBXContainerItemProxy */ = {
			isa = PBXContainerItemProxy;
			containerPortal = 5587BD062ABE4AFB006F0377 /* Project object */;
			proxyType = 1;
			remoteGlobalIDString = 5587BD0D2ABE4AFB006F0377;
			remoteInfo = MyFirstApp;
		};
		5587BD2F2ABE4AFC006F0377 /* PBXContainerItemProxy */ = {
			isa = PBXContainerItemProxy;
			containerPortal = 5587BD062ABE4AFB006F0377 /* Project object */;
			proxyType = 1;
			remoteGlobalIDString = 5587BD0D2ABE4AFB006F0377;
			remoteInfo = MyFirstApp;
		};
/* End PBXContainerItemProxy section */

/* Begin PBXFileReference section */
		5587BD0E2ABE4AFB006F0377 /* MyFirstApp.app */ = {isa = PBXFileReference; explicitFileType = wrapper.application; includeInIndex = 0; path = MyFirstApp.app; sourceTree = BUILT_PRODUCTS_DIR; };
		5587BD112ABE4AFB006F0377 /* AppDelegate.swift */ = {isa = PBXFileReference; lastKnownFileType = sourcecode.swift; path = AppDelegate.swift; sourceTree = "<group>"; };
		5587BD132ABE4AFB006F0377 /* SceneDelegate.swift */ = {isa = PBXFileReference; lastKnownFileType = sourcecode.swift; path = SceneDelegate.swift; sourceTree = "<group>"; };
		5587BD152ABE4AFB006F0377 /* ViewController.swift */ = {isa = PBXFileReference; lastKnownFileType = sourcecode.swift; path = ViewController.swift; sourceTree = "<group>"; };
		5587BD182ABE4AFB006F0377 /* Base */ = {isa = PBXFileReference; lastKnownFileType = file.storyboard; name = Base; path = Base.lproj/Main.storyboard; sourceTree = "<group>"; };
		5587BD1A2ABE4AFC006F0377 /* Assets.xcassets */ = {isa = PBXFileReference; lastKnownFileType = folder.assetcatalog; path = Assets.xcassets; sourceTree = "<group>"; };
		5587BD1D2ABE4AFC006F0377 /* Base */ = {isa = PBXFileReference; lastKnownFileType = file.storyboard; name = Base; path = Base.lproj/LaunchScreen.storyboard; sourceTree = "<group>"; };
		5587BD1F2ABE4AFC006F0377 /* Info.plist */ = {isa = PBXFileReference; lastKnownFileType = text.plist.xml; path = Info.plist; sourceTree = "<group>"; };
		5587BD242ABE4AFC006F0377 /* MyFirstAppTests.xctest */ = {isa = PBXFileReference; explicitFileType = wrapper.cfbundle; includeInIndex = 0; path = MyFirstAppTests.xctest; sourceTree = BUILT_PRODUCTS_DIR; };
		5587BD282ABE4AFC006F0377 /* MyFirstAppTests.swift */ = {isa = PBXFileReference; lastKnownFileType = sourcecode.swift; path = MyFirstAppTests.swift; sourceTree = "<group>"; };
		5587BD2E2ABE4AFC006F0377 /* MyFirstAppUITests.xctest */ = {isa = PBXFileReference; explicitFileType = wrapper.cfbundle; includeInIndex = 0; path = MyFirstAppUITests.xctest; sourceTree = BUILT_PRODUCTS_DIR; };
		5587BD322ABE4AFC006F0377 /* MyFirstAppUITests.swift */ = {isa = PBXFileReference; lastKnownFileType = sourcecode.swift; path = MyFirstAppUITests.swift; sourceTree = "<group>"; };
		5587BD342ABE4AFC006F0377 /* MyFirstAppUITestsLaunchTests.swift */ = {isa = PBXFileReference; lastKnownFileType = sourcecode.swift; path = MyFirstAppUITestsLaunchTests.swift; sourceTree = "<group>"; };
		5587BD412ABE541A006F0377 /* MySecondLaunchScreen.storyboard */ = {isa = PBXFileReference; lastKnownFileType = file.storyboard; path = MySecondLaunchScreen.storyboard; sourceTree = "<group>"; };
		5587BD432ABE5969006F0377 /* LaunchScreenViewController.swift */ = {isa = PBXFileReference; lastKnownFileType = sourcecode.swift; path = LaunchScreenViewController.swift; sourceTree = "<group>"; };
		E62494B92AC7892D00EE3D34 /* ImageStackViewController.swift */ = {isa = PBXFileReference; lastKnownFileType = sourcecode.swift; path = ImageStackViewController.swift; sourceTree = "<group>"; };
/* End PBXFileReference section */

/* Begin PBXFrameworksBuildPhase section */
		5587BD0B2ABE4AFB006F0377 /* Frameworks */ = {
			isa = PBXFrameworksBuildPhase;
			buildActionMask = 2147483647;
			files = (
			);
			runOnlyForDeploymentPostprocessing = 0;
		};
		5587BD212ABE4AFC006F0377 /* Frameworks */ = {
			isa = PBXFrameworksBuildPhase;
			buildActionMask = 2147483647;
			files = (
			);
			runOnlyForDeploymentPostprocessing = 0;
		};
		5587BD2B2ABE4AFC006F0377 /* Frameworks */ = {
			isa = PBXFrameworksBuildPhase;
			buildActionMask = 2147483647;
			files = (
			);
			runOnlyForDeploymentPostprocessing = 0;
		};
/* End PBXFrameworksBuildPhase section */

/* Begin PBXGroup section */
		5587BD052ABE4AFB006F0377 = {
			isa = PBXGroup;
			children = (
				5587BD102ABE4AFB006F0377 /* MyFirstApp */,
				5587BD272ABE4AFC006F0377 /* MyFirstAppTests */,
				5587BD312ABE4AFC006F0377 /* MyFirstAppUITests */,
				5587BD0F2ABE4AFB006F0377 /* Products */,
			);
			sourceTree = "<group>";
		};
		5587BD0F2ABE4AFB006F0377 /* Products */ = {
			isa = PBXGroup;
			children = (
				5587BD0E2ABE4AFB006F0377 /* MyFirstApp.app */,
				5587BD242ABE4AFC006F0377 /* MyFirstAppTests.xctest */,
				5587BD2E2ABE4AFC006F0377 /* MyFirstAppUITests.xctest */,
			);
			name = Products;
			sourceTree = "<group>";
		};
		5587BD102ABE4AFB006F0377 /* MyFirstApp */ = {
			isa = PBXGroup;
			children = (
				5587BD112ABE4AFB006F0377 /* AppDelegate.swift */,
				5587BD132ABE4AFB006F0377 /* SceneDelegate.swift */,
				5587BD152ABE4AFB006F0377 /* ViewController.swift */,
				5587BD172ABE4AFB006F0377 /* Main.storyboard */,
				5587BD1A2ABE4AFC006F0377 /* Assets.xcassets */,
				5587BD1C2ABE4AFC006F0377 /* LaunchScreen.storyboard */,
				5587BD1F2ABE4AFC006F0377 /* Info.plist */,
				5587BD412ABE541A006F0377 /* MySecondLaunchScreen.storyboard */,
				5587BD432ABE5969006F0377 /* LaunchScreenViewController.swift */,
				E62494B92AC7892D00EE3D34 /* ImageStackViewController.swift */,
			);
			path = MyFirstApp;
			sourceTree = "<group>";
		};
		5587BD272ABE4AFC006F0377 /* MyFirstAppTests */ = {
			isa = PBXGroup;
			children = (
				5587BD282ABE4AFC006F0377 /* MyFirstAppTests.swift */,
			);
			path = MyFirstAppTests;
			sourceTree = "<group>";
		};
		5587BD312ABE4AFC006F0377 /* MyFirstAppUITests */ = {
			isa = PBXGroup;
			children = (
				5587BD322ABE4AFC006F0377 /* MyFirstAppUITests.swift */,
				5587BD342ABE4AFC006F0377 /* MyFirstAppUITestsLaunchTests.swift */,
			);
			path = MyFirstAppUITests;
			sourceTree = "<group>";
		};
/* End PBXGroup section */

/* Begin PBXNativeTarget section */
		5587BD0D2ABE4AFB006F0377 /* MyFirstApp */ = {
			isa = PBXNativeTarget;
			buildConfigurationList = 5587BD382ABE4AFC006F0377 /* Build configuration list for PBXNativeTarget "MyFirstApp" */;
			buildPhases = (
				5587BD0A2ABE4AFB006F0377 /* Sources */,
				5587BD0B2ABE4AFB006F0377 /* Frameworks */,
				5587BD0C2ABE4AFB006F0377 /* Resources */,
			);
			buildRules = (
			);
			dependencies = (
			);
			name = MyFirstApp;
			productName = MyFirstApp;
			productReference = 5587BD0E2ABE4AFB006F0377 /* MyFirstApp.app */;
			productType = "com.apple.product-type.application";
		};
		5587BD232ABE4AFC006F0377 /* MyFirstAppTests */ = {
			isa = PBXNativeTarget;
			buildConfigurationList = 5587BD3B2ABE4AFC006F0377 /* Build configuration list for PBXNativeTarget "MyFirstAppTests" */;
			buildPhases = (
				5587BD202ABE4AFC006F0377 /* Sources */,
				5587BD212ABE4AFC006F0377 /* Frameworks */,
				5587BD222ABE4AFC006F0377 /* Resources */,
			);
			buildRules = (
			);
			dependencies = (
				5587BD262ABE4AFC006F0377 /* PBXTargetDependency */,
			);
			name = MyFirstAppTests;
			productName = MyFirstAppTests;
			productReference = 5587BD242ABE4AFC006F0377 /* MyFirstAppTests.xctest */;
			productType = "com.apple.product-type.bundle.unit-test";
		};
		5587BD2D2ABE4AFC006F0377 /* MyFirstAppUITests */ = {
			isa = PBXNativeTarget;
			buildConfigurationList = 5587BD3E2ABE4AFC006F0377 /* Build configuration list for PBXNativeTarget "MyFirstAppUITests" */;
			buildPhases = (
				5587BD2A2ABE4AFC006F0377 /* Sources */,
				5587BD2B2ABE4AFC006F0377 /* Frameworks */,
				5587BD2C2ABE4AFC006F0377 /* Resources */,
			);
			buildRules = (
			);
			dependencies = (
				5587BD302ABE4AFC006F0377 /* PBXTargetDependency */,
			);
			name = MyFirstAppUITests;
			productName = MyFirstAppUITests;
			productReference = 5587BD2E2ABE4AFC006F0377 /* MyFirstAppUITests.xctest */;
			productType = "com.apple.product-type.bundle.ui-testing";
		};
/* End PBXNativeTarget section */

/* Begin PBXProject section */
		5587BD062ABE4AFB006F0377 /* Project object */ = {
			isa = PBXProject;
			attributes = {
				BuildIndependentTargetsInParallel = 1;
				LastSwiftUpdateCheck = 1500;
				LastUpgradeCheck = 1500;
				TargetAttributes = {
					5587BD0D2ABE4AFB006F0377 = {
						CreatedOnToolsVersion = 15.0;
					};
					5587BD232ABE4AFC006F0377 = {
						CreatedOnToolsVersion = 15.0;
						TestTargetID = 5587BD0D2ABE4AFB006F0377;
					};
					5587BD2D2ABE4AFC006F0377 = {
						CreatedOnToolsVersion = 15.0;
						TestTargetID = 5587BD0D2ABE4AFB006F0377;
					};
				};
			};
			buildConfigurationList = 5587BD092ABE4AFB006F0377 /* Build configuration list for PBXProject "MyFirstApp" */;
			compatibilityVersion = "Xcode 14.0";
			developmentRegion = en;
			hasScannedForEncodings = 0;
			knownRegions = (
				en,
				Base,
			);
			mainGroup = 5587BD052ABE4AFB006F0377;
			productRefGroup = 5587BD0F2ABE4AFB006F0377 /* Products */;
			projectDirPath = "";
			projectRoot = "";
			targets = (
				5587BD0D2ABE4AFB006F0377 /* MyFirstApp */,
				5587BD232ABE4AFC006F0377 /* MyFirstAppTests */,
				5587BD2D2ABE4AFC006F0377 /* MyFirstAppUITests */,
			);
		};
/* End PBXProject section */

/* Begin PBXResourcesBuildPhase section */
		5587BD0C2ABE4AFB006F0377 /* Resources */ = {
			isa = PBXResourcesBuildPhase;
			buildActionMask = 2147483647;
			files = (
				5587BD1E2ABE4AFC006F0377 /* LaunchScreen.storyboard in Resources */,
				5587BD1B2ABE4AFC006F0377 /* Assets.xcassets in Resources */,
				5587BD192ABE4AFB006F0377 /* Main.storyboard in Resources */,
				5587BD422ABE541A006F0377 /* MySecondLaunchScreen.storyboard in Resources */,
			);
			runOnlyForDeploymentPostprocessing = 0;
		};
		5587BD222ABE4AFC006F0377 /* Resources */ = {
			isa = PBXResourcesBuildPhase;
			buildActionMask = 2147483647;
			files = (
			);
			runOnlyForDeploymentPostprocessing = 0;
		};
		5587BD2C2ABE4AFC006F0377 /* Resources */ = {
			isa = PBXResourcesBuildPhase;
			buildActionMask = 2147483647;
			files = (
			);
			runOnlyForDeploymentPostprocessing = 0;
		};
/* End PBXResourcesBuildPhase section */

/* Begin PBXSourcesBuildPhase section */
		5587BD0A2ABE4AFB006F0377 /* Sources */ = {
			isa = PBXSourcesBuildPhase;
			buildActionMask = 2147483647;
			files = (
				E62494BA2AC7892D00EE3D34 /* ImageStackViewController.swift in Sources */,
				5587BD162ABE4AFB006F0377 /* ViewController.swift in Sources */,
				5587BD122ABE4AFB006F0377 /* AppDelegate.swift in Sources */,
				5587BD442ABE5969006F0377 /* LaunchScreenViewController.swift in Sources */,
				5587BD142ABE4AFB006F0377 /* SceneDelegate.swift in Sources */,
			);
			runOnlyForDeploymentPostprocessing = 0;
		};
		5587BD202ABE4AFC006F0377 /* Sources */ = {
			isa = PBXSourcesBuildPhase;
			buildActionMask = 2147483647;
			files = (
				5587BD292ABE4AFC006F0377 /* MyFirstAppTests.swift in Sources */,
			);
			runOnlyForDeploymentPostprocessing = 0;
		};
		5587BD2A2ABE4AFC006F0377 /* Sources */ = {
			isa = PBXSourcesBuildPhase;
			buildActionMask = 2147483647;
			files = (
				5587BD332ABE4AFC006F0377 /* MyFirstAppUITests.swift in Sources */,
				5587BD352ABE4AFC006F0377 /* MyFirstAppUITestsLaunchTests.swift in Sources */,
			);
			runOnlyForDeploymentPostprocessing = 0;
		};
/* End PBXSourcesBuildPhase section */

/* Begin PBXTargetDependency section */
		5587BD262ABE4AFC006F0377 /* PBXTargetDependency */ = {
			isa = PBXTargetDependency;
			target = 5587BD0D2ABE4AFB006F0377 /* MyFirstApp */;
			targetProxy = 5587BD252ABE4AFC006F0377 /* PBXContainerItemProxy */;
		};
		5587BD302ABE4AFC006F0377 /* PBXTargetDependency */ = {
			isa = PBXTargetDependency;
			target = 5587BD0D2ABE4AFB006F0377 /* MyFirstApp */;
			targetProxy = 5587BD2F2ABE4AFC006F0377 /* PBXContainerItemProxy */;
		};
/* End PBXTargetDependency section */

/* Begin PBXVariantGroup section */
		5587BD172ABE4AFB006F0377 /* Main.storyboard */ = {
			isa = PBXVariantGroup;
			children = (
				5587BD182ABE4AFB006F0377 /* Base */,
			);
			name = Main.storyboard;
			sourceTree = "<group>";
		};
		5587BD1C2ABE4AFC006F0377 /* LaunchScreen.storyboard */ = {
			isa = PBXVariantGroup;
			children = (
				5587BD1D2ABE4AFC006F0377 /* Base */,
			);
			name = LaunchScreen.storyboard;
			sourceTree = "<group>";
		};
/* End PBXVariantGroup section */

/* Begin XCBuildConfiguration section */
		5587BD362ABE4AFC006F0377 /* Debug */ = {
			isa = XCBuildConfiguration;
			buildSettings = {
				ALWAYS_SEARCH_USER_PATHS = NO;
				ASSETCATALOG_COMPILER_GENERATE_SWIFT_ASSET_SYMBOL_EXTENSIONS = YES;
				CLANG_ANALYZER_NONNULL = YES;
				CLANG_ANALYZER_NUMBER_OBJECT_CONVERSION = YES_AGGRESSIVE;
				CLANG_CXX_LANGUAGE_STANDARD = "gnu++20";
				CLANG_ENABLE_MODULES = YES;
				CLANG_ENABLE_OBJC_ARC = YES;
				CLANG_ENABLE_OBJC_WEAK = YES;
				CLANG_WARN_BLOCK_CAPTURE_AUTORELEASING = YES;
				CLANG_WARN_BOOL_CONVERSION = YES;
				CLANG_WARN_COMMA = YES;
				CLANG_WARN_CONSTANT_CONVERSION = YES;
				CLANG_WARN_DEPRECATED_OBJC_IMPLEMENTATIONS = YES;
				CLANG_WARN_DIRECT_OBJC_ISA_USAGE = YES_ERROR;
				CLANG_WARN_DOCUMENTATION_COMMENTS = YES;
				CLANG_WARN_EMPTY_BODY = YES;
				CLANG_WARN_ENUM_CONVERSION = YES;
				CLANG_WARN_INFINITE_RECURSION = YES;
				CLANG_WARN_INT_CONVERSION = YES;
				CLANG_WARN_NON_LITERAL_NULL_CONVERSION = YES;
				CLANG_WARN_OBJC_IMPLICIT_RETAIN_SELF = YES;
				CLANG_WARN_OBJC_LITERAL_CONVERSION = YES;
				CLANG_WARN_OBJC_ROOT_CLASS = YES_ERROR;
				CLANG_WARN_QUOTED_INCLUDE_IN_FRAMEWORK_HEADER = YES;
				CLANG_WARN_RANGE_LOOP_ANALYSIS = YES;
				CLANG_WARN_STRICT_PROTOTYPES = YES;
				CLANG_WARN_SUSPICIOUS_MOVE = YES;
				CLANG_WARN_UNGUARDED_AVAILABILITY = YES_AGGRESSIVE;
				CLANG_WARN_UNREACHABLE_CODE = YES;
				CLANG_WARN__DUPLICATE_METHOD_MATCH = YES;
				COPY_PHASE_STRIP = NO;
				DEBUG_INFORMATION_FORMAT = dwarf;
				ENABLE_STRICT_OBJC_MSGSEND = YES;
				ENABLE_TESTABILITY = YES;
				ENABLE_USER_SCRIPT_SANDBOXING = YES;
				GCC_C_LANGUAGE_STANDARD = gnu17;
				GCC_DYNAMIC_NO_PIC = NO;
				GCC_NO_COMMON_BLOCKS = YES;
				GCC_OPTIMIZATION_LEVEL = 0;
				GCC_PREPROCESSOR_DEFINITIONS = (
					"DEBUG=1",
					"$(inherited)",
				);
				GCC_WARN_64_TO_32_BIT_CONVERSION = YES;
				GCC_WARN_ABOUT_RETURN_TYPE = YES_ERROR;
				GCC_WARN_UNDECLARED_SELECTOR = YES;
				GCC_WARN_UNINITIALIZED_AUTOS = YES_AGGRESSIVE;
				GCC_WARN_UNUSED_FUNCTION = YES;
				GCC_WARN_UNUSED_VARIABLE = YES;
				IPHONEOS_DEPLOYMENT_TARGET = 17.0;
				LOCALIZATION_PREFERS_STRING_CATALOGS = YES;
				MTL_ENABLE_DEBUG_INFO = INCLUDE_SOURCE;
				MTL_FAST_MATH = YES;
				ONLY_ACTIVE_ARCH = YES;
				SDKROOT = iphoneos;
				SWIFT_ACTIVE_COMPILATION_CONDITIONS = "DEBUG $(inherited)";
				SWIFT_OPTIMIZATION_LEVEL = "-Onone";
			};
			name = Debug;
		};
		5587BD372ABE4AFC006F0377 /* Release */ = {
			isa = XCBuildConfiguration;
			buildSettings = {
				ALWAYS_SEARCH_USER_PATHS = NO;
				ASSETCATALOG_COMPILER_GENERATE_SWIFT_ASSET_SYMBOL_EXTENSIONS = YES;
				CLANG_ANALYZER_NONNULL = YES;
				CLANG_ANALYZER_NUMBER_OBJECT_CONVERSION = YES_AGGRESSIVE;
				CLANG_CXX_LANGUAGE_STANDARD = "gnu++20";
				CLANG_ENABLE_MODULES = YES;
				CLANG_ENABLE_OBJC_ARC = YES;
				CLANG_ENABLE_OBJC_WEAK = YES;
				CLANG_WARN_BLOCK_CAPTURE_AUTORELEASING = YES;
				CLANG_WARN_BOOL_CONVERSION = YES;
				CLANG_WARN_COMMA = YES;
				CLANG_WARN_CONSTANT_CONVERSION = YES;
				CLANG_WARN_DEPRECATED_OBJC_IMPLEMENTATIONS = YES;
				CLANG_WARN_DIRECT_OBJC_ISA_USAGE = YES_ERROR;
				CLANG_WARN_DOCUMENTATION_COMMENTS = YES;
				CLANG_WARN_EMPTY_BODY = YES;
				CLANG_WARN_ENUM_CONVERSION = YES;
				CLANG_WARN_INFINITE_RECURSION = YES;
				CLANG_WARN_INT_CONVERSION = YES;
				CLANG_WARN_NON_LITERAL_NULL_CONVERSION = YES;
				CLANG_WARN_OBJC_IMPLICIT_RETAIN_SELF = YES;
				CLANG_WARN_OBJC_LITERAL_CONVERSION = YES;
				CLANG_WARN_OBJC_ROOT_CLASS = YES_ERROR;
				CLANG_WARN_QUOTED_INCLUDE_IN_FRAMEWORK_HEADER = YES;
				CLANG_WARN_RANGE_LOOP_ANALYSIS = YES;
				CLANG_WARN_STRICT_PROTOTYPES = YES;
				CLANG_WARN_SUSPICIOUS_MOVE = YES;
				CLANG_WARN_UNGUARDED_AVAILABILITY = YES_AGGRESSIVE;
				CLANG_WARN_UNREACHABLE_CODE = YES;
				CLANG_WARN__DUPLICATE_METHOD_MATCH = YES;
				COPY_PHASE_STRIP = NO;
				DEBUG_INFORMATION_FORMAT = "dwarf-with-dsym";
				ENABLE_NS_ASSERTIONS = NO;
				ENABLE_STRICT_OBJC_MSGSEND = YES;
				ENABLE_USER_SCRIPT_SANDBOXING = YES;
				GCC_C_LANGUAGE_STANDARD = gnu17;
				GCC_NO_COMMON_BLOCKS = YES;
				GCC_WARN_64_TO_32_BIT_CONVERSION = YES;
				GCC_WARN_ABOUT_RETURN_TYPE = YES_ERROR;
				GCC_WARN_UNDECLARED_SELECTOR = YES;
				GCC_WARN_UNINITIALIZED_AUTOS = YES_AGGRESSIVE;
				GCC_WARN_UNUSED_FUNCTION = YES;
				GCC_WARN_UNUSED_VARIABLE = YES;
				IPHONEOS_DEPLOYMENT_TARGET = 17.0;
				LOCALIZATION_PREFERS_STRING_CATALOGS = YES;
				MTL_ENABLE_DEBUG_INFO = NO;
				MTL_FAST_MATH = YES;
				SDKROOT = iphoneos;
				SWIFT_COMPILATION_MODE = wholemodule;
				VALIDATE_PRODUCT = YES;
			};
			name = Release;
		};
		5587BD392ABE4AFC006F0377 /* Debug */ = {
			isa = XCBuildConfiguration;
			buildSettings = {
				ASSETCATALOG_COMPILER_APPICON_NAME = AppIcon;
				ASSETCATALOG_COMPILER_GLOBAL_ACCENT_COLOR_NAME = AccentColor;
				CODE_SIGN_STYLE = Automatic;
				CURRENT_PROJECT_VERSION = 1;
				GENERATE_INFOPLIST_FILE = YES;
				INFOPLIST_FILE = MyFirstApp/Info.plist;
				INFOPLIST_KEY_UIApplicationSupportsIndirectInputEvents = YES;
				INFOPLIST_KEY_UILaunchStoryboardName = MySecondLaunchScreen;
				INFOPLIST_KEY_UIMainStoryboardFile = Main;
				INFOPLIST_KEY_UISupportedInterfaceOrientations_iPad = "UIInterfaceOrientationPortrait UIInterfaceOrientationPortraitUpsideDown UIInterfaceOrientationLandscapeLeft UIInterfaceOrientationLandscapeRight";
				INFOPLIST_KEY_UISupportedInterfaceOrientations_iPhone = "UIInterfaceOrientationPortrait UIInterfaceOrientationLandscapeLeft UIInterfaceOrientationLandscapeRight";
				IPHONEOS_DEPLOYMENT_TARGET = 16.5;
				LD_RUNPATH_SEARCH_PATHS = (
					"$(inherited)",
					"@executable_path/Frameworks",
				);
				MARKETING_VERSION = 1.0;
				PRODUCT_BUNDLE_IDENTIFIER = fernando.MyFirstApp;
				PRODUCT_NAME = "$(TARGET_NAME)";
				SWIFT_EMIT_LOC_STRINGS = YES;
				SWIFT_VERSION = 5.0;
				TARGETED_DEVICE_FAMILY = "1,2";
			};
			name = Debug;
		};
		5587BD3A2ABE4AFC006F0377 /* Release */ = {
			isa = XCBuildConfiguration;
			buildSettings = {
				ASSETCATALOG_COMPILER_APPICON_NAME = AppIcon;
				ASSETCATALOG_COMPILER_GLOBAL_ACCENT_COLOR_NAME = AccentColor;
				CODE_SIGN_STYLE = Automatic;
				CURRENT_PROJECT_VERSION = 1;
				GENERATE_INFOPLIST_FILE = YES;
				INFOPLIST_FILE = MyFirstApp/Info.plist;
				INFOPLIST_KEY_UIApplicationSupportsIndirectInputEvents = YES;
				INFOPLIST_KEY_UILaunchStoryboardName = MySecondLaunchScreen;
				INFOPLIST_KEY_UIMainStoryboardFile = Main;
				INFOPLIST_KEY_UISupportedInterfaceOrientations_iPad = "UIInterfaceOrientationPortrait UIInterfaceOrientationPortraitUpsideDown UIInterfaceOrientationLandscapeLeft UIInterfaceOrientationLandscapeRight";
				INFOPLIST_KEY_UISupportedInterfaceOrientations_iPhone = "UIInterfaceOrientationPortrait UIInterfaceOrientationLandscapeLeft UIInterfaceOrientationLandscapeRight";
				IPHONEOS_DEPLOYMENT_TARGET = 16.5;
				LD_RUNPATH_SEARCH_PATHS = (
					"$(inherited)",
					"@executable_path/Frameworks",
				);
				MARKETING_VERSION = 1.0;
				PRODUCT_BUNDLE_IDENTIFIER = fernando.MyFirstApp;
				PRODUCT_NAME = "$(TARGET_NAME)";
				SWIFT_EMIT_LOC_STRINGS = YES;
				SWIFT_VERSION = 5.0;
				TARGETED_DEVICE_FAMILY = "1,2";
			};
			name = Release;
		};
		5587BD3C2ABE4AFC006F0377 /* Debug */ = {
			isa = XCBuildConfiguration;
			buildSettings = {
				ALWAYS_EMBED_SWIFT_STANDARD_LIBRARIES = YES;
				BUNDLE_LOADER = "$(TEST_HOST)";
				CODE_SIGN_STYLE = Automatic;
				CURRENT_PROJECT_VERSION = 1;
				GENERATE_INFOPLIST_FILE = YES;
				IPHONEOS_DEPLOYMENT_TARGET = 17.0;
				MARKETING_VERSION = 1.0;
				PRODUCT_BUNDLE_IDENTIFIER = fernando.MyFirstAppTests;
				PRODUCT_NAME = "$(TARGET_NAME)";
				SWIFT_EMIT_LOC_STRINGS = NO;
				SWIFT_VERSION = 5.0;
				TARGETED_DEVICE_FAMILY = "1,2";
				TEST_HOST = "$(BUILT_PRODUCTS_DIR)/MyFirstApp.app/$(BUNDLE_EXECUTABLE_FOLDER_PATH)/MyFirstApp";
			};
			name = Debug;
		};
		5587BD3D2ABE4AFC006F0377 /* Release */ = {
			isa = XCBuildConfiguration;
			buildSettings = {
				ALWAYS_EMBED_SWIFT_STANDARD_LIBRARIES = YES;
				BUNDLE_LOADER = "$(TEST_HOST)";
				CODE_SIGN_STYLE = Automatic;
				CURRENT_PROJECT_VERSION = 1;
				GENERATE_INFOPLIST_FILE = YES;
				IPHONEOS_DEPLOYMENT_TARGET = 17.0;
				MARKETING_VERSION = 1.0;
				PRODUCT_BUNDLE_IDENTIFIER = fernando.MyFirstAppTests;
				PRODUCT_NAME = "$(TARGET_NAME)";
				SWIFT_EMIT_LOC_STRINGS = NO;
				SWIFT_VERSION = 5.0;
				TARGETED_DEVICE_FAMILY = "1,2";
				TEST_HOST = "$(BUILT_PRODUCTS_DIR)/MyFirstApp.app/$(BUNDLE_EXECUTABLE_FOLDER_PATH)/MyFirstApp";
			};
			name = Release;
		};
		5587BD3F2ABE4AFC006F0377 /* Debug */ = {
			isa = XCBuildConfiguration;
			buildSettings = {
				ALWAYS_EMBED_SWIFT_STANDARD_LIBRARIES = YES;
				CODE_SIGN_STYLE = Automatic;
				CURRENT_PROJECT_VERSION = 1;
				GENERATE_INFOPLIST_FILE = YES;
				MARKETING_VERSION = 1.0;
				PRODUCT_BUNDLE_IDENTIFIER = fernando.MyFirstAppUITests;
				PRODUCT_NAME = "$(TARGET_NAME)";
				SWIFT_EMIT_LOC_STRINGS = NO;
				SWIFT_VERSION = 5.0;
				TARGETED_DEVICE_FAMILY = "1,2";
				TEST_TARGET_NAME = MyFirstApp;
			};
			name = Debug;
		};
		5587BD402ABE4AFC006F0377 /* Release */ = {
			isa = XCBuildConfiguration;
			buildSettings = {
				ALWAYS_EMBED_SWIFT_STANDARD_LIBRARIES = YES;
				CODE_SIGN_STYLE = Automatic;
				CURRENT_PROJECT_VERSION = 1;
				GENERATE_INFOPLIST_FILE = YES;
				MARKETING_VERSION = 1.0;
				PRODUCT_BUNDLE_IDENTIFIER = fernando.MyFirstAppUITests;
				PRODUCT_NAME = "$(TARGET_NAME)";
				SWIFT_EMIT_LOC_STRINGS = NO;
				SWIFT_VERSION = 5.0;
				TARGETED_DEVICE_FAMILY = "1,2";
				TEST_TARGET_NAME = MyFirstApp;
			};
			name = Release;
		};
/* End XCBuildConfiguration section */

/* Begin XCConfigurationList section */
		5587BD092ABE4AFB006F0377 /* Build configuration list for PBXProject "MyFirstApp" */ = {
			isa = XCConfigurationList;
			buildConfigurations = (
				5587BD362ABE4AFC006F0377 /* Debug */,
				5587BD372ABE4AFC006F0377 /* Release */,
			);
			defaultConfigurationIsVisible = 0;
			defaultConfigurationName = Release;
		};
		5587BD382ABE4AFC006F0377 /* Build configuration list for PBXNativeTarget "MyFirstApp" */ = {
			isa = XCConfigurationList;
			buildConfigurations = (
				5587BD392ABE4AFC006F0377 /* Debug */,
				5587BD3A2ABE4AFC006F0377 /* Release */,
			);
			defaultConfigurationIsVisible = 0;
			defaultConfigurationName = Release;
		};
		5587BD3B2ABE4AFC006F0377 /* Build configuration list for PBXNativeTarget "MyFirstAppTests" */ = {
			isa = XCConfigurationList;
			buildConfigurations = (
				5587BD3C2ABE4AFC006F0377 /* Debug */,
				5587BD3D2ABE4AFC006F0377 /* Release */,
			);
			defaultConfigurationIsVisible = 0;
			defaultConfigurationName = Release;
		};
		5587BD3E2ABE4AFC006F0377 /* Build configuration list for PBXNativeTarget "MyFirstAppUITests" */ = {
			isa = XCConfigurationList;
			buildConfigurations = (
				5587BD3F2ABE4AFC006F0377 /* Debug */,
				5587BD402ABE4AFC006F0377 /* Release */,
			);
			defaultConfigurationIsVisible = 0;
			defaultConfigurationName = Release;
		};
/* End XCConfigurationList section */
	};
	rootObject = 5587BD062ABE4AFB006F0377 /* Project object */;
}
